
Microsoft Visual Studio Solution File, Format Version 12.00
# Visual Studio Version 17
VisualStudioVersion = 17.3.32825.248
MinimumVisualStudioVersion = 10.0.40219.1
Project("{FAE04EC0-301F-11D3-BF4B-00C04F79EFBC}") = "SudokuSolverAPI", "SudokuSolverAPI\SudokuSolverAPI.csproj", "{5F924947-7D36-4B76-903D-FA8ADEAC28F3}"
EndProject
Global
	GlobalSection(SolutionConfigurationPlatforms) = preSolution
		Debug|Any CPU = Debug|Any CPU
		Release|Any CPU = Release|Any CPU
	EndGlobalSection
	GlobalSection(ProjectConfigurationPlatforms) = postSolution
		{5F924947-7D36-4B76-903D-FA8ADEAC28F3}.Debug|Any CPU.ActiveCfg = Debug|Any CPU
		{5F924947-7D36-4B76-903D-FA8ADEAC28F3}.Debug|Any CPU.Build.0 = Debug|Any CPU
		{5F924947-7D36-4B76-903D-FA8ADEAC28F3}.Release|Any CPU.ActiveCfg = Release|Any CPU
		{5F924947-7D36-4B76-903D-FA8ADEAC28F3}.Release|Any CPU.Build.0 = Release|Any CPU
	EndGlobalSection
	GlobalSection(SolutionProperties) = preSolution
		HideSolutionNode = FALSE
	EndGlobalSection
	GlobalSection(ExtensibilityGlobals) = postSolution
		SolutionGuid = {84F69AC3-9BBB-43C6-89EB-74C900B8E3CC}
	EndGlobalSection
EndGlobal
